
Microsoft Visual Studio Solution File, Format Version 12.00
# Visual Studio Version 17
VisualStudioVersion = 17.4.33213.308
MinimumVisualStudioVersion = 10.0.40219.1
Project("{FAE04EC0-301F-11D3-BF4B-00C04F79EFBC}") = "GC_EF_API_Example", "GC_EF_API_Example\GC_EF_API_Example.csproj", "{F586AEDE-7F26-44B4-8BF7-C60BCA0F0509}"
EndProject
Global
	GlobalSection(SolutionConfigurationPlatforms) = preSolution
		Debug|Any CPU = Debug|Any CPU
		Release|Any CPU = Release|Any CPU
	EndGlobalSection
	GlobalSection(ProjectConfigurationPlatforms) = postSolution
		{F586AEDE-7F26-44B4-8BF7-C60BCA0F0509}.Debug|Any CPU.ActiveCfg = Debug|Any CPU
		{F586AEDE-7F26-44B4-8BF7-C60BCA0F0509}.Debug|Any CPU.Build.0 = Debug|Any CPU
		{F586AEDE-7F26-44B4-8BF7-C60BCA0F0509}.Release|Any CPU.ActiveCfg = Release|Any CPU
		{F586AEDE-7F26-44B4-8BF7-C60BCA0F0509}.Release|Any CPU.Build.0 = Release|Any CPU
	EndGlobalSection
	GlobalSection(SolutionProperties) = preSolution
		HideSolutionNode = FALSE
	EndGlobalSection
	GlobalSection(ExtensibilityGlobals) = postSolution
		SolutionGuid = {B53E3018-B54F-4F3B-ADF0-3F9CFB718957}
	EndGlobalSection
EndGlobal
